
Microsoft Visual Studio Solution File, Format Version 12.00
# Visual Studio Version 16
VisualStudioVersion = 16.0.31624.102
MinimumVisualStudioVersion = 10.0.40219.1
Project("{FAE04EC0-301F-11D3-BF4B-00C04F79EFBC}") = "Challenge 4", "Challenge 4\Challenge 4.csproj", "{FA727660-535E-4E15-9E7C-3F689A990E60}"
EndProject
Global
	GlobalSection(SolutionConfigurationPlatforms) = preSolution
		Debug|Any CPU = Debug|Any CPU
		Release|Any CPU = Release|Any CPU
	EndGlobalSection
	GlobalSection(ProjectConfigurationPlatforms) = postSolution
		{FA727660-535E-4E15-9E7C-3F689A990E60}.Debug|Any CPU.ActiveCfg = Debug|Any CPU
		{FA727660-535E-4E15-9E7C-3F689A990E60}.Debug|Any CPU.Build.0 = Debug|Any CPU
		{FA727660-535E-4E15-9E7C-3F689A990E60}.Release|Any CPU.ActiveCfg = Release|Any CPU
		{FA727660-535E-4E15-9E7C-3F689A990E60}.Release|Any CPU.Build.0 = Release|Any CPU
	EndGlobalSection
	GlobalSection(SolutionProperties) = preSolution
		HideSolutionNode = FALSE
	EndGlobalSection
	GlobalSection(ExtensibilityGlobals) = postSolution
		SolutionGuid = {79208294-4BFE-4A7E-92B4-F30B25863A28}
	EndGlobalSection
EndGlobal
